
Microsoft Visual Studio Solution File, Format Version 12.00
# Visual Studio Version 17
VisualStudioVersion = 17.13.35919.96 d17.13
MinimumVisualStudioVersion = 10.0.40219.1
Project("{FAE04EC0-301F-11D3-BF4B-00C04F79EFBC}") = "LeviDraw", "LeviDraw\LeviDraw.csproj", "{AF832368-0974-44B7-B39A-0C11544481DC}"
EndProject
Global
	GlobalSection(SolutionConfigurationPlatforms) = preSolution
		Debug|Any CPU = Debug|Any CPU
		Release|Any CPU = Release|Any CPU
	EndGlobalSection
	GlobalSection(ProjectConfigurationPlatforms) = postSolution
		{AF832368-0974-44B7-B39A-0C11544481DC}.Debug|Any CPU.ActiveCfg = Debug|Any CPU
		{AF832368-0974-44B7-B39A-0C11544481DC}.Debug|Any CPU.Build.0 = Debug|Any CPU
		{AF832368-0974-44B7-B39A-0C11544481DC}.Release|Any CPU.ActiveCfg = Release|Any CPU
		{AF832368-0974-44B7-B39A-0C11544481DC}.Release|Any CPU.Build.0 = Release|Any CPU
	EndGlobalSection
	GlobalSection(SolutionProperties) = preSolution
		HideSolutionNode = FALSE
	EndGlobalSection
	GlobalSection(ExtensibilityGlobals) = postSolution
		SolutionGuid = {86678DC2-EC50-44F6-91B9-BCF73B5B25B7}
	EndGlobalSection
EndGlobal
